
Microsoft Visual Studio Solution File, Format Version 12.00
# Visual Studio Version 17
VisualStudioVersion = 17.9.34728.123
MinimumVisualStudioVersion = 10.0.40219.1
Project("{FAE04EC0-301F-11D3-BF4B-00C04F79EFBC}") = "PaymentAPI", "PaymentAPI.csproj", "{BE39D30B-AE93-4986-8F49-37C2AD2F6449}"
EndProject
Global
	GlobalSection(SolutionConfigurationPlatforms) = preSolution
		Debug|Any CPU = Debug|Any CPU
		Release|Any CPU = Release|Any CPU
	EndGlobalSection
	GlobalSection(ProjectConfigurationPlatforms) = postSolution
		{BE39D30B-AE93-4986-8F49-37C2AD2F6449}.Debug|Any CPU.ActiveCfg = Debug|Any CPU
		{BE39D30B-AE93-4986-8F49-37C2AD2F6449}.Debug|Any CPU.Build.0 = Debug|Any CPU
		{BE39D30B-AE93-4986-8F49-37C2AD2F6449}.Release|Any CPU.ActiveCfg = Release|Any CPU
		{BE39D30B-AE93-4986-8F49-37C2AD2F6449}.Release|Any CPU.Build.0 = Release|Any CPU
	EndGlobalSection
	GlobalSection(SolutionProperties) = preSolution
		HideSolutionNode = FALSE
	EndGlobalSection
	GlobalSection(ExtensibilityGlobals) = postSolution
		SolutionGuid = {D0F44719-6034-47DA-897F-F87BB93A6234}
	EndGlobalSection
EndGlobal
